
Microsoft Visual Studio Solution File, Format Version 12.00
# Visual Studio 15
Project("{FAE04EC0-301F-11D3-BF4B-00C04F79EFBC}") = "Assembly-CSharp-Editor", "Assembly-CSharp-Editor.csproj", "{A310701E-CD3F-1C6D-73B8-45BA9610A1CF}"
EndProject
Project("{FAE04EC0-301F-11D3-BF4B-00C04F79EFBC}") = "Assembly-CSharp", "Assembly-CSharp.csproj", "{9A059D9B-40F2-062C-04ED-03D65934E7AB}"
EndProject
Global
	GlobalSection(SolutionConfigurationPlatforms) = preSolution
		Debug|Any CPU = Debug|Any CPU
		Release|Any CPU = Release|Any CPU
	EndGlobalSection
	GlobalSection(ProjectConfigurationPlatforms) = postSolution
		{A310701E-CD3F-1C6D-73B8-45BA9610A1CF}.Debug|Any CPU.ActiveCfg = Debug|Any CPU
		{A310701E-CD3F-1C6D-73B8-45BA9610A1CF}.Debug|Any CPU.Build.0 = Debug|Any CPU
		{A310701E-CD3F-1C6D-73B8-45BA9610A1CF}.Release|Any CPU.ActiveCfg = Release|Any CPU
		{A310701E-CD3F-1C6D-73B8-45BA9610A1CF}.Release|Any CPU.Build.0 = Release|Any CPU
		{9A059D9B-40F2-062C-04ED-03D65934E7AB}.Debug|Any CPU.ActiveCfg = Debug|Any CPU
		{9A059D9B-40F2-062C-04ED-03D65934E7AB}.Debug|Any CPU.Build.0 = Debug|Any CPU
		{9A059D9B-40F2-062C-04ED-03D65934E7AB}.Release|Any CPU.ActiveCfg = Release|Any CPU
		{9A059D9B-40F2-062C-04ED-03D65934E7AB}.Release|Any CPU.Build.0 = Release|Any CPU
	EndGlobalSection
	GlobalSection(SolutionProperties) = preSolution
		HideSolutionNode = FALSE
	EndGlobalSection
EndGlobal
